
Microsoft Visual Studio Solution File, Format Version 12.00
# Visual Studio Version 17
VisualStudioVersion = 17.7.34031.279
MinimumVisualStudioVersion = 10.0.40219.1
Project("{FAE04EC0-301F-11D3-BF4B-00C04F79EFBC}") = "Dependinator", "Dependinator\Dependinator.csproj", "{5404F30A-E992-4AF8-94C1-B2BEBF696394}"
EndProject
Global
	GlobalSection(SolutionConfigurationPlatforms) = preSolution
		Debug|Any CPU = Debug|Any CPU
		Release|Any CPU = Release|Any CPU
	EndGlobalSection
	GlobalSection(ProjectConfigurationPlatforms) = postSolution
		{5404F30A-E992-4AF8-94C1-B2BEBF696394}.Debug|Any CPU.ActiveCfg = Debug|Any CPU
		{5404F30A-E992-4AF8-94C1-B2BEBF696394}.Debug|Any CPU.Build.0 = Debug|Any CPU
		{5404F30A-E992-4AF8-94C1-B2BEBF696394}.Debug|Any CPU.Deploy.0 = Debug|Any CPU
		{5404F30A-E992-4AF8-94C1-B2BEBF696394}.Release|Any CPU.ActiveCfg = Release|Any CPU
		{5404F30A-E992-4AF8-94C1-B2BEBF696394}.Release|Any CPU.Build.0 = Release|Any CPU
		{5404F30A-E992-4AF8-94C1-B2BEBF696394}.Release|Any CPU.Deploy.0 = Release|Any CPU
	EndGlobalSection
	GlobalSection(SolutionProperties) = preSolution
		HideSolutionNode = FALSE
	EndGlobalSection
	GlobalSection(ExtensibilityGlobals) = postSolution
		SolutionGuid = {3AAB69D3-FC0D-4109-98A2-FE94DA116D12}
	EndGlobalSection
EndGlobal
